
Microsoft Visual Studio Solution File, Format Version 12.00
# Visual Studio 15
VisualStudioVersion = 15.0.27130.2036
MinimumVisualStudioVersion = 10.0.40219.1
Project("{F2A71F9B-5D33-465A-A702-920D77279786}") = "ProvesF", "ProvesF\ProvesF.fsproj", "{63D68FD9-3208-4336-B3A5-8EF4ACA43151}"
EndProject
Project("{FAE04EC0-301F-11D3-BF4B-00C04F79EFBC}") = "ComparativaC", "ComparativaC\ComparativaC.csproj", "{687B5275-DFC5-431E-98A7-5353004F2E7D}"
EndProject
Global
	GlobalSection(SolutionConfigurationPlatforms) = preSolution
		Debug|Any CPU = Debug|Any CPU
		Release|Any CPU = Release|Any CPU
	EndGlobalSection
	GlobalSection(ProjectConfigurationPlatforms) = postSolution
		{63D68FD9-3208-4336-B3A5-8EF4ACA43151}.Debug|Any CPU.ActiveCfg = Debug|Any CPU
		{63D68FD9-3208-4336-B3A5-8EF4ACA43151}.Debug|Any CPU.Build.0 = Debug|Any CPU
		{63D68FD9-3208-4336-B3A5-8EF4ACA43151}.Release|Any CPU.ActiveCfg = Release|Any CPU
		{63D68FD9-3208-4336-B3A5-8EF4ACA43151}.Release|Any CPU.Build.0 = Release|Any CPU
		{687B5275-DFC5-431E-98A7-5353004F2E7D}.Debug|Any CPU.ActiveCfg = Debug|Any CPU
		{687B5275-DFC5-431E-98A7-5353004F2E7D}.Debug|Any CPU.Build.0 = Debug|Any CPU
		{687B5275-DFC5-431E-98A7-5353004F2E7D}.Release|Any CPU.ActiveCfg = Release|Any CPU
		{687B5275-DFC5-431E-98A7-5353004F2E7D}.Release|Any CPU.Build.0 = Release|Any CPU
	EndGlobalSection
	GlobalSection(SolutionProperties) = preSolution
		HideSolutionNode = FALSE
	EndGlobalSection
	GlobalSection(ExtensibilityGlobals) = postSolution
		SolutionGuid = {ABBF6468-8A5D-4D75-8080-EF33372C0787}
	EndGlobalSection
EndGlobal
